
Microsoft Visual Studio Solution File, Format Version 12.00
# Visual Studio Version 16
VisualStudioVersion = 16.0.29021.104
MinimumVisualStudioVersion = 10.0.40219.1
Project("{9A19103F-16F7-4668-BE54-9A1E7A4F7556}") = "TestingControllersSample", "TestingControllersSample\TestingControllersSample.csproj", "{233D2105-F8BA-46CA-AF02-F8DEFF5FB54E}"
EndProject
Project("{9A19103F-16F7-4668-BE54-9A1E7A4F7556}") = "TestingControllersSample.Tests", "TestingControllersSample.Tests\TestingControllersSample.Tests.csproj", "{4E61D6B9-DF1C-43AE-860B-B0D81F78C93A}"
EndProject
Project("{9A19103F-16F7-4668-BE54-9A1E7A4F7556}") = "NetCoreWebApplication", "NetCoreWebApplication\NetCoreWebApplication.csproj", "{C293EF79-48C9-4B7C-8505-AF4FB9A9EF45}"
EndProject
Project("{9A19103F-16F7-4668-BE54-9A1E7A4F7556}") = "NetCoreMSUnitTest", "NetCoreMSUnitTest\NetCoreMSUnitTest.csproj", "{397A4635-DE23-4F4C-A380-6795ADCDDE57}"
EndProject
Global
	GlobalSection(SolutionConfigurationPlatforms) = preSolution
		Debug|Any CPU = Debug|Any CPU
		Release|Any CPU = Release|Any CPU
	EndGlobalSection
	GlobalSection(ProjectConfigurationPlatforms) = postSolution
		{233D2105-F8BA-46CA-AF02-F8DEFF5FB54E}.Debug|Any CPU.ActiveCfg = Debug|Any CPU
		{233D2105-F8BA-46CA-AF02-F8DEFF5FB54E}.Debug|Any CPU.Build.0 = Debug|Any CPU
		{233D2105-F8BA-46CA-AF02-F8DEFF5FB54E}.Release|Any CPU.ActiveCfg = Release|Any CPU
		{233D2105-F8BA-46CA-AF02-F8DEFF5FB54E}.Release|Any CPU.Build.0 = Release|Any CPU
		{4E61D6B9-DF1C-43AE-860B-B0D81F78C93A}.Debug|Any CPU.ActiveCfg = Debug|Any CPU
		{4E61D6B9-DF1C-43AE-860B-B0D81F78C93A}.Debug|Any CPU.Build.0 = Debug|Any CPU
		{4E61D6B9-DF1C-43AE-860B-B0D81F78C93A}.Release|Any CPU.ActiveCfg = Release|Any CPU
		{4E61D6B9-DF1C-43AE-860B-B0D81F78C93A}.Release|Any CPU.Build.0 = Release|Any CPU
		{C293EF79-48C9-4B7C-8505-AF4FB9A9EF45}.Debug|Any CPU.ActiveCfg = Debug|Any CPU
		{C293EF79-48C9-4B7C-8505-AF4FB9A9EF45}.Debug|Any CPU.Build.0 = Debug|Any CPU
		{C293EF79-48C9-4B7C-8505-AF4FB9A9EF45}.Release|Any CPU.ActiveCfg = Release|Any CPU
		{C293EF79-48C9-4B7C-8505-AF4FB9A9EF45}.Release|Any CPU.Build.0 = Release|Any CPU
		{397A4635-DE23-4F4C-A380-6795ADCDDE57}.Debug|Any CPU.ActiveCfg = Debug|Any CPU
		{397A4635-DE23-4F4C-A380-6795ADCDDE57}.Debug|Any CPU.Build.0 = Debug|Any CPU
		{397A4635-DE23-4F4C-A380-6795ADCDDE57}.Release|Any CPU.ActiveCfg = Release|Any CPU
		{397A4635-DE23-4F4C-A380-6795ADCDDE57}.Release|Any CPU.Build.0 = Release|Any CPU
	EndGlobalSection
	GlobalSection(SolutionProperties) = preSolution
		HideSolutionNode = FALSE
	EndGlobalSection
	GlobalSection(ExtensibilityGlobals) = postSolution
		SolutionGuid = {9E7FC614-80D5-42FB-9D80-DD60FBDAEC8F}
	EndGlobalSection
EndGlobal
